
Microsoft Visual Studio Solution File, Format Version 12.00
# Visual Studio Version 17
VisualStudioVersion = 17.11.35312.102
MinimumVisualStudioVersion = 10.0.40219.1
Project("{9A19103F-16F7-4668-BE54-9A1E7A4F7556}") = "HelloApp", "HelloApp\HelloApp.csproj", "{D92F43D0-1B64-4293-8072-9821C1D01C73}"
EndProject
Project("{9A19103F-16F7-4668-BE54-9A1E7A4F7556}") = "HelloApp.DataAccess", "HelloApp\HelloApp.DataAccess\HelloApp.DataAccess.csproj", "{411A6333-3EF8-4E0F-B803-8BC46B429813}"
EndProject
Project("{9A19103F-16F7-4668-BE54-9A1E7A4F7556}") = "HelloApp.Models", "HelloApp\HelloApp.Models\HelloApp.Models.csproj", "{9F5EF05D-FEB0-40A8-87E9-56ED88225C1C}"
EndProject
Project("{9A19103F-16F7-4668-BE54-9A1E7A4F7556}") = "HelloApp.BusinessLogic", "HelloApp\HelloApp.BusinessLogic\HelloApp.BusinessLogic.csproj", "{E1C5CA35-A948-4157-A0A3-FF312D8E974B}"
EndProject
Project("{9A19103F-16F7-4668-BE54-9A1E7A4F7556}") = "HelloApp.Web", "HelloApp\HelloApp.Web\HelloApp.Web.csproj", "{400778B9-C9B5-48EC-B38A-C88BDC1A9E17}"
EndProject
Project("{2150E333-8FDC-42A3-9474-1A3956D46DE8}") = "Solution Items", "Solution Items", "{1BD2806E-C413-484D-AA96-3875FDE6FB75}"
	ProjectSection(SolutionItems) = preProject
		.editorconfig = .editorconfig
	EndProjectSection
EndProject
Global
	GlobalSection(SolutionConfigurationPlatforms) = preSolution
		Debug|Any CPU = Debug|Any CPU
		Release|Any CPU = Release|Any CPU
	EndGlobalSection
	GlobalSection(ProjectConfigurationPlatforms) = postSolution
		{D92F43D0-1B64-4293-8072-9821C1D01C73}.Debug|Any CPU.ActiveCfg = Debug|Any CPU
		{D92F43D0-1B64-4293-8072-9821C1D01C73}.Debug|Any CPU.Build.0 = Debug|Any CPU
		{D92F43D0-1B64-4293-8072-9821C1D01C73}.Release|Any CPU.ActiveCfg = Release|Any CPU
		{D92F43D0-1B64-4293-8072-9821C1D01C73}.Release|Any CPU.Build.0 = Release|Any CPU
		{411A6333-3EF8-4E0F-B803-8BC46B429813}.Debug|Any CPU.ActiveCfg = Debug|Any CPU
		{411A6333-3EF8-4E0F-B803-8BC46B429813}.Debug|Any CPU.Build.0 = Debug|Any CPU
		{411A6333-3EF8-4E0F-B803-8BC46B429813}.Release|Any CPU.ActiveCfg = Release|Any CPU
		{411A6333-3EF8-4E0F-B803-8BC46B429813}.Release|Any CPU.Build.0 = Release|Any CPU
		{9F5EF05D-FEB0-40A8-87E9-56ED88225C1C}.Debug|Any CPU.ActiveCfg = Debug|Any CPU
		{9F5EF05D-FEB0-40A8-87E9-56ED88225C1C}.Debug|Any CPU.Build.0 = Debug|Any CPU
		{9F5EF05D-FEB0-40A8-87E9-56ED88225C1C}.Release|Any CPU.ActiveCfg = Release|Any CPU
		{9F5EF05D-FEB0-40A8-87E9-56ED88225C1C}.Release|Any CPU.Build.0 = Release|Any CPU
		{E1C5CA35-A948-4157-A0A3-FF312D8E974B}.Debug|Any CPU.ActiveCfg = Debug|Any CPU
		{E1C5CA35-A948-4157-A0A3-FF312D8E974B}.Debug|Any CPU.Build.0 = Debug|Any CPU
		{E1C5CA35-A948-4157-A0A3-FF312D8E974B}.Release|Any CPU.ActiveCfg = Release|Any CPU
		{E1C5CA35-A948-4157-A0A3-FF312D8E974B}.Release|Any CPU.Build.0 = Release|Any CPU
		{400778B9-C9B5-48EC-B38A-C88BDC1A9E17}.Debug|Any CPU.ActiveCfg = Debug|Any CPU
		{400778B9-C9B5-48EC-B38A-C88BDC1A9E17}.Debug|Any CPU.Build.0 = Debug|Any CPU
		{400778B9-C9B5-48EC-B38A-C88BDC1A9E17}.Release|Any CPU.ActiveCfg = Release|Any CPU
		{400778B9-C9B5-48EC-B38A-C88BDC1A9E17}.Release|Any CPU.Build.0 = Release|Any CPU
	EndGlobalSection
	GlobalSection(SolutionProperties) = preSolution
		HideSolutionNode = FALSE
	EndGlobalSection
	GlobalSection(ExtensibilityGlobals) = postSolution
		SolutionGuid = {496AE33D-DD5C-4EC2-AA7E-3B9632B779F7}
	EndGlobalSection
EndGlobal
